<?xml version="1.0" encoding="utf-8"?>
<Project ToolsVersion="4.0" xmlns="http://schemas.microsoft.com/developer/msbuild/2003">
  <ItemGroup>
    <Filter Include="cache">
      <UniqueIdentifier>{B95D350F-2572-5DC0-EEF3-00205AC759F1}</UniqueIdentifier>
    </Filter>
    <Filter Include="cache\importers">
      <UniqueIdentifier>{ADAF0639-193B-74FD-224C-F7F18E56D0FD}</UniqueIdentifier>
    </Filter>
    <Filter Include="components">
      <UniqueIdentifier>{8BA12798-7759-69E5-E060-4241CC3704D6}</UniqueIdentifier>
    </Filter>
    <Filter Include="data">
      <UniqueIdentifier>{5F91957C-4BC8-960D-F4B4-7C10E0CA120F}</UniqueIdentifier>
    </Filter>
    <Filter Include="include">
      <UniqueIdentifier>{89AF369E-F58E-B539-FEA6-40106A051C9B}</UniqueIdentifier>
    </Filter>
    <Filter Include="include\imgui">
      <UniqueIdentifier>{B37F74A5-1F40-F0DB-E87A-395954FA34B8}</UniqueIdentifier>
    </Filter>
    <Filter Include="include\imgui\backends">
      <UniqueIdentifier>{3D53EC06-294D-1559-12BA-AB69FE527BC5}</UniqueIdentifier>
    </Filter>
    <Filter Include="interface">
      <UniqueIdentifier>{966DB512-02D8-6989-4B16-1B2FB7BF47DE}</UniqueIdentifier>
    </Filter>
    <Filter Include="interface\DirectX">
      <UniqueIdentifier>{58868004-C49C-7E9A-0D14-0ABC79694F22}</UniqueIdentifier>
    </Filter>
    <Filter Include="interface\OpenGL">
      <UniqueIdentifier>{0A32A8AD-F62A-C7FF-1F5D-AC840BB5A60B}</UniqueIdentifier>
    </Filter>
    <Filter Include="interface\definitions">
      <UniqueIdentifier>{816378D1-EDCF-33CC-B6C3-CB2922EF5534}</UniqueIdentifier>
    </Filter>
    <Filter Include="modules">
      <UniqueIdentifier>{FEAC8BD4-6A8C-0A70-73A4-9546DF0271D1}</UniqueIdentifier>
    </Filter>
    <Filter Include="pipeline">
      <UniqueIdentifier>{1BCFC577-079C-2083-30B5-0E2B1CE15511}</UniqueIdentifier>
    </Filter>
    <Filter Include="pipeline\base">
      <UniqueIdentifier>{A5604439-1121-C06F-DA5B-09ED46DB044C}</UniqueIdentifier>
    </Filter>
    <Filter Include="pipeline\stages">
      <UniqueIdentifier>{51D9D4C4-BD64-4289-C675-C57D32809E89}</UniqueIdentifier>
    </Filter>
    <Filter Include="systems">
      <UniqueIdentifier>{3D76CBBA-A955-4A56-B26D-D52C1ECCB0B7}</UniqueIdentifier>
    </Filter>
  </ItemGroup>
  <ItemGroup>
    <ClInclude Include="..\..\include\imgui\backends\imgui_impl_dx11.h">
      <Filter>include\imgui\backends</Filter>
    </ClInclude>
    <ClInclude Include="..\..\include\imgui\backends\imgui_impl_opengl3.h">
      <Filter>include\imgui\backends</Filter>
    </ClInclude>
    <ClInclude Include="cache\buffercache.hpp">
      <Filter>cache</Filter>
    </ClInclude>
    <ClInclude Include="cache\cache.hpp">
      <Filter>cache</Filter>
    </ClInclude>
    <ClInclude Include="cache\importers\meshimporter.hpp">
      <Filter>cache\importers</Filter>
    </ClInclude>
    <ClInclude Include="cache\importers\shaderimporter.hpp">
      <Filter>cache\importers</Filter>
    </ClInclude>
    <ClInclude Include="cache\importers\textureimporter.hpp">
      <Filter>cache\importers</Filter>
    </ClInclude>
    <ClInclude Include="cache\materialcache.hpp">
      <Filter>cache</Filter>
    </ClInclude>
    <ClInclude Include="cache\modelcache.hpp">
      <Filter>cache</Filter>
    </ClInclude>
    <ClInclude Include="cache\windowprovider.hpp">
      <Filter>cache</Filter>
    </ClInclude>
    <ClInclude Include="components\camera.hpp">
      <Filter>components</Filter>
    </ClInclude>
    <ClInclude Include="components\components.hpp">
      <Filter>components</Filter>
    </ClInclude>
    <ClInclude Include="components\light.hpp">
      <Filter>components</Filter>
    </ClInclude>
    <ClInclude Include="components\mesh_renderer.hpp">
      <Filter>components</Filter>
    </ClInclude>
    <ClInclude Include="components\skyboxrenderer.hpp">
      <Filter>components</Filter>
    </ClInclude>
    <ClInclude Include="components\spriterenderer.hpp">
      <Filter>components</Filter>
    </ClInclude>
    <ClInclude Include="data\bufferhandle.hpp">
      <Filter>data</Filter>
    </ClInclude>
    <ClInclude Include="data\material.hpp">
      <Filter>data</Filter>
    </ClInclude>
    <ClInclude Include="data\mesh.hpp">
      <Filter>data</Filter>
    </ClInclude>
    <ClInclude Include="data\model.hpp">
      <Filter>data</Filter>
    </ClInclude>
    <ClInclude Include="data\renderingtest.hpp">
      <Filter>data</Filter>
    </ClInclude>
    <ClInclude Include="data\shadersource.hpp">
      <Filter>data</Filter>
    </ClInclude>
    <ClInclude Include="data\textureparameters.hpp">
      <Filter>data</Filter>
    </ClInclude>
    <ClInclude Include="data\vertex.hpp">
      <Filter>data</Filter>
    </ClInclude>
    <ClInclude Include="data\vertexattribute.hpp">
      <Filter>data</Filter>
    </ClInclude>
    <ClInclude Include="data\windowhandle.hpp">
      <Filter>data</Filter>
    </ClInclude>
    <ClInclude Include="interface\DirectX\buffer.hpp">
      <Filter>interface\DirectX</Filter>
    </ClInclude>
    <ClInclude Include="interface\DirectX\dx11includes.hpp">
      <Filter>interface\DirectX</Filter>
    </ClInclude>
    <ClInclude Include="interface\DirectX\enumtypes.hpp">
      <Filter>interface\DirectX</Filter>
    </ClInclude>
    <ClInclude Include="interface\DirectX\inputlayout.hpp">
      <Filter>interface\DirectX</Filter>
    </ClInclude>
    <ClInclude Include="interface\DirectX\renderinterface.hpp">
      <Filter>interface\DirectX</Filter>
    </ClInclude>
    <ClInclude Include="interface\DirectX\shader.hpp">
      <Filter>interface\DirectX</Filter>
    </ClInclude>
    <ClInclude Include="interface\DirectX\shadercompiler.hpp">
      <Filter>interface\DirectX</Filter>
    </ClInclude>
    <ClInclude Include="interface\DirectX\shaderincluder.hpp">
      <Filter>interface\DirectX</Filter>
    </ClInclude>
    <ClInclude Include="interface\DirectX\texture.hpp">
      <Filter>interface\DirectX</Filter>
    </ClInclude>
    <ClInclude Include="interface\DirectX\window.hpp">
      <Filter>interface\DirectX</Filter>
    </ClInclude>
    <ClInclude Include="interface\OpenGL\buffer.hpp">
      <Filter>interface\OpenGL</Filter>
    </ClInclude>
    <ClInclude Include="interface\OpenGL\enumtypes.hpp">
      <Filter>interface\OpenGL</Filter>
    </ClInclude>
    <ClInclude Include="interface\OpenGL\glslangincludes.hpp">
      <Filter>interface\OpenGL</Filter>
    </ClInclude>
    <ClInclude Include="interface\OpenGL\inputlayout.hpp">
      <Filter>interface\OpenGL</Filter>
    </ClInclude>
    <ClInclude Include="interface\OpenGL\oglincludes.hpp">
      <Filter>interface\OpenGL</Filter>
    </ClInclude>
    <ClInclude Include="interface\OpenGL\renderinterface.hpp">
      <Filter>interface\OpenGL</Filter>
    </ClInclude>
    <ClInclude Include="interface\OpenGL\shader.hpp">
      <Filter>interface\OpenGL</Filter>
    </ClInclude>
    <ClInclude Include="interface\OpenGL\shadercompiler.hpp">
      <Filter>interface\OpenGL</Filter>
    </ClInclude>
    <ClInclude Include="interface\OpenGL\texture.hpp">
      <Filter>interface\OpenGL</Filter>
    </ClInclude>
    <ClInclude Include="interface\OpenGL\window.hpp">
      <Filter>interface\OpenGL</Filter>
    </ClInclude>
    <ClInclude Include="interface\config.hpp">
      <Filter>interface</Filter>
    </ClInclude>
    <ClInclude Include="interface\definitions\buffer.hpp">
      <Filter>interface\definitions</Filter>
    </ClInclude>
    <ClInclude Include="interface\definitions\definitions.hpp">
      <Filter>interface\definitions</Filter>
    </ClInclude>
    <ClInclude Include="interface\definitions\enumtypes.hpp">
      <Filter>interface\definitions</Filter>
    </ClInclude>
    <ClInclude Include="interface\definitions\inputlayout.hpp">
      <Filter>interface\definitions</Filter>
    </ClInclude>
    <ClInclude Include="interface\definitions\renderinterface.hpp">
      <Filter>interface\definitions</Filter>
    </ClInclude>
    <ClInclude Include="interface\definitions\shader.hpp">
      <Filter>interface\definitions</Filter>
    </ClInclude>
    <ClInclude Include="interface\definitions\texture.hpp">
      <Filter>interface\definitions</Filter>
    </ClInclude>
    <ClInclude Include="interface\definitions\window.hpp">
      <Filter>interface\definitions</Filter>
    </ClInclude>
    <ClInclude Include="interface\ibuffer.hpp">
      <Filter>interface</Filter>
    </ClInclude>
    <ClInclude Include="interface\iinputlayout.hpp">
      <Filter>interface</Filter>
    </ClInclude>
    <ClInclude Include="interface\irenderinterface.hpp">
      <Filter>interface</Filter>
    </ClInclude>
    <ClInclude Include="interface\ishader.hpp">
      <Filter>interface</Filter>
    </ClInclude>
    <ClInclude Include="interface\itexture.hpp">
      <Filter>interface</Filter>
    </ClInclude>
    <ClInclude Include="interface\iwindow.hpp">
      <Filter>interface</Filter>
    </ClInclude>
    <ClInclude Include="modules\rendermodule.hpp">
      <Filter>modules</Filter>
    </ClInclude>
    <ClInclude Include="pipeline\base\graphicsstage.hpp">
      <Filter>pipeline\base</Filter>
    </ClInclude>
    <ClInclude Include="pipeline\base\graphicsstagebase.hpp">
      <Filter>pipeline\base</Filter>
    </ClInclude>
    <ClInclude Include="pipeline\base\pipeline.hpp">
      <Filter>pipeline\base</Filter>
    </ClInclude>
    <ClInclude Include="pipeline\base\pipelinebase.hpp">
      <Filter>pipeline\base</Filter>
    </ClInclude>
    <ClInclude Include="pipeline\base\pipelineprovider.hpp">
      <Filter>pipeline\base</Filter>
    </ClInclude>
    <ClInclude Include="pipeline\base\pipelineprovider.inl">
      <Filter>pipeline\base</Filter>
    </ClInclude>
    <ClInclude Include="pipeline\defaultpipeline.hpp">
      <Filter>pipeline</Filter>
    </ClInclude>
    <ClInclude Include="pipeline\stages\clearstage.hpp">
      <Filter>pipeline\stages</Filter>
    </ClInclude>
    <ClInclude Include="pipeline\stages\guistage.hpp">
      <Filter>pipeline\stages</Filter>
    </ClInclude>
    <ClInclude Include="pipeline\stages\lightrenderstage.hpp">
      <Filter>pipeline\stages</Filter>
    </ClInclude>
    <ClInclude Include="pipeline\stages\renderstage.hpp">
      <Filter>pipeline\stages</Filter>
    </ClInclude>
    <ClInclude Include="pipeline\stages\slyboxstage.hpp">
      <Filter>pipeline\stages</Filter>
    </ClInclude>
    <ClInclude Include="pipeline\stages\submitstage.hpp">
      <Filter>pipeline\stages</Filter>
    </ClInclude>
    <ClInclude Include="rendering.hpp" />
    <ClInclude Include="systems\renderer.hpp">
      <Filter>systems</Filter>
    </ClInclude>
    <ClInclude Include="systems\rendertestsystem.hpp">
      <Filter>systems</Filter>
    </ClInclude>
  </ItemGroup>
  <ItemGroup>
    <ClCompile Include="..\..\include\imgui\backends\imgui_impl_dx11.cpp">
      <Filter>include\imgui\backends</Filter>
    </ClCompile>
    <ClCompile Include="..\..\include\imgui\backends\imgui_impl_glfw.cpp">
      <Filter>include\imgui\backends</Filter>
    </ClCompile>
    <ClCompile Include="..\..\include\imgui\backends\imgui_impl_opengl3.cpp">
      <Filter>include\imgui\backends</Filter>
    </ClCompile>
    <ClCompile Include="..\..\include\imgui\imgui.cpp">
      <Filter>include\imgui</Filter>
    </ClCompile>
    <ClCompile Include="..\..\include\imgui\imgui_demo.cpp">
      <Filter>include\imgui</Filter>
    </ClCompile>
    <ClCompile Include="..\..\include\imgui\imgui_draw.cpp">
      <Filter>include\imgui</Filter>
    </ClCompile>
    <ClCompile Include="..\..\include\imgui\imgui_tables.cpp">
      <Filter>include\imgui</Filter>
    </ClCompile>
    <ClCompile Include="..\..\include\imgui\imgui_widgets.cpp">
      <Filter>include\imgui</Filter>
    </ClCompile>
    <ClCompile Include="cache\buffercache.cpp">
      <Filter>cache</Filter>
    </ClCompile>
    <ClCompile Include="cache\importers\meshimporter.cpp">
      <Filter>cache\importers</Filter>
    </ClCompile>
    <ClCompile Include="cache\importers\shaderimporter.cpp">
      <Filter>cache\importers</Filter>
    </ClCompile>
    <ClCompile Include="cache\importers\textureimporter.cpp">
      <Filter>cache\importers</Filter>
    </ClCompile>
    <ClCompile Include="cache\materialcache.cpp">
      <Filter>cache</Filter>
    </ClCompile>
    <ClCompile Include="cache\modelcache.cpp">
      <Filter>cache</Filter>
    </ClCompile>
    <ClCompile Include="pipeline\base\graphicsstage.cpp">
      <Filter>pipeline\base</Filter>
    </ClCompile>
    <ClCompile Include="pipeline\base\pipeline.cpp">
      <Filter>pipeline\base</Filter>
    </ClCompile>
    <ClCompile Include="systems\renderer.cpp">
      <Filter>systems</Filter>
    </ClCompile>
    <ClCompile Include="systems\rendertestsystem.cpp">
      <Filter>systems</Filter>
    </ClCompile>
  </ItemGroup>
</Project>